// !$*UTF8*$!
{
	archiveVersion = 1;
	classes = {
	};
	objectVersion = 56;
	objects = {

/* Begin PBXBuildFile section */
		9A3B1EE62C78F76C0026E648 /* AppDelegate.swift in Sources */ = {isa = PBXBuildFile; fileRef = 9A3B1EE52C78F76C0026E648 /* AppDelegate.swift */; };
		9A3B1EE82C78F76C0026E648 /* SceneDelegate.swift in Sources */ = {isa = PBXBuildFile; fileRef = 9A3B1EE72C78F76C0026E648 /* SceneDelegate.swift */; };
		9A3B1EEA2C78F76C0026E648 /* ViewController.swift in Sources */ = {isa = PBXBuildFile; fileRef = 9A3B1EE92C78F76C0026E648 /* ViewController.swift */; };
		9A3B1EED2C78F76C0026E648 /* Main.storyboard in Resources */ = {isa = PBXBuildFile; fileRef = 9A3B1EEB2C78F76C0026E648 /* Main.storyboard */; };
		9A3B1EEF2C78F76E0026E648 /* Assets.xcassets in Resources */ = {isa = PBXBuildFile; fileRef = 9A3B1EEE2C78F76E0026E648 /* Assets.xcassets */; };
		9A3B1EF22C78F76E0026E648 /* LaunchScreen.storyboard in Resources */ = {isa = PBXBuildFile; fileRef = 9A3B1EF02C78F76E0026E648 /* LaunchScreen.storyboard */; };
		9A3B1EFD2C78F76E0026E648 /* TableviewTests.swift in Sources */ = {isa = PBXBuildFile; fileRef = 9A3B1EFC2C78F76E0026E648 /* TableviewTests.swift */; };
		9A3B1F072C78F76E0026E648 /* TableviewUITests.swift in Sources */ = {isa = PBXBuildFile; fileRef = 9A3B1F062C78F76E0026E648 /* TableviewUITests.swift */; };
		9A3B1F092C78F76E0026E648 /* TableviewUITestsLaunchTests.swift in Sources */ = {isa = PBXBuildFile; fileRef = 9A3B1F082C78F76E0026E648 /* TableviewUITestsLaunchTests.swift */; };
		9AE1625C2C79E2AC0046F24F /* DemoTableViewCell.swift in Sources */ = {isa = PBXBuildFile; fileRef = 9AE1625A2C79E2AC0046F24F /* DemoTableViewCell.swift */; };
		9AE1625D2C79E2AC0046F24F /* DemoTableViewCell.xib in Resources */ = {isa = PBXBuildFile; fileRef = 9AE1625B2C79E2AC0046F24F /* DemoTableViewCell.xib */; };
/* End PBXBuildFile section */

/* Begin PBXContainerItemProxy section */
		9A3B1EF92C78F76E0026E648 /* PBXContainerItemProxy */ = {
			isa = PBXContainerItemProxy;
			containerPortal = 9A3B1EDA2C78F76C0026E648 /* Project object */;
			proxyType = 1;
			remoteGlobalIDString = 9A3B1EE12C78F76C0026E648;
			remoteInfo = Tableview;
		};
		9A3B1F032C78F76E0026E648 /* PBXContainerItemProxy */ = {
			isa = PBXContainerItemProxy;
			containerPortal = 9A3B1EDA2C78F76C0026E648 /* Project object */;
			proxyType = 1;
			remoteGlobalIDString = 9A3B1EE12C78F76C0026E648;
			remoteInfo = Tableview;
		};
/* End PBXContainerItemProxy section */

/* Begin PBXFileReference section */
		9A3B1EE22C78F76C0026E648 /* Tableview.app */ = {isa = PBXFileReference; explicitFileType = wrapper.application; includeInIndex = 0; path = Tableview.app; sourceTree = BUILT_PRODUCTS_DIR; };
		9A3B1EE52C78F76C0026E648 /* AppDelegate.swift */ = {isa = PBXFileReference; lastKnownFileType = sourcecode.swift; path = AppDelegate.swift; sourceTree = "<group>"; };
		9A3B1EE72C78F76C0026E648 /* SceneDelegate.swift */ = {isa = PBXFileReference; lastKnownFileType = sourcecode.swift; path = SceneDelegate.swift; sourceTree = "<group>"; };
		9A3B1EE92C78F76C0026E648 /* ViewController.swift */ = {isa = PBXFileReference; lastKnownFileType = sourcecode.swift; path = ViewController.swift; sourceTree = "<group>"; };
		9A3B1EEC2C78F76C0026E648 /* Base */ = {isa = PBXFileReference; lastKnownFileType = file.storyboard; name = Base; path = Base.lproj/Main.storyboard; sourceTree = "<group>"; };
		9A3B1EEE2C78F76E0026E648 /* Assets.xcassets */ = {isa = PBXFileReference; lastKnownFileType = folder.assetcatalog; path = Assets.xcassets; sourceTree = "<group>"; };
		9A3B1EF12C78F76E0026E648 /* Base */ = {isa = PBXFileReference; lastKnownFileType = file.storyboard; name = Base; path = Base.lproj/LaunchScreen.storyboard; sourceTree = "<group>"; };
		9A3B1EF32C78F76E0026E648 /* Info.plist */ = {isa = PBXFileReference; lastKnownFileType = text.plist.xml; path = Info.plist; sourceTree = "<group>"; };
		9A3B1EF82C78F76E0026E648 /* TableviewTests.xctest */ = {isa = PBXFileReference; explicitFileType = wrapper.cfbundle; includeInIndex = 0; path = TableviewTests.xctest; sourceTree = BUILT_PRODUCTS_DIR; };
		9A3B1EFC2C78F76E0026E648 /* TableviewTests.swift */ = {isa = PBXFileReference; lastKnownFileType = sourcecode.swift; path = TableviewTests.swift; sourceTree = "<group>"; };
		9A3B1F022C78F76E0026E648 /* TableviewUITests.xctest */ = {isa = PBXFileReference; explicitFileType = wrapper.cfbundle; includeInIndex = 0; path = TableviewUITests.xctest; sourceTree = BUILT_PRODUCTS_DIR; };
		9A3B1F062C78F76E0026E648 /* TableviewUITests.swift */ = {isa = PBXFileReference; lastKnownFileType = sourcecode.swift; path = TableviewUITests.swift; sourceTree = "<group>"; };
		9A3B1F082C78F76E0026E648 /* TableviewUITestsLaunchTests.swift */ = {isa = PBXFileReference; lastKnownFileType = sourcecode.swift; path = TableviewUITestsLaunchTests.swift; sourceTree = "<group>"; };
		9AE1625A2C79E2AC0046F24F /* DemoTableViewCell.swift */ = {isa = PBXFileReference; lastKnownFileType = sourcecode.swift; path = DemoTableViewCell.swift; sourceTree = "<group>"; };
		9AE1625B2C79E2AC0046F24F /* DemoTableViewCell.xib */ = {isa = PBXFileReference; lastKnownFileType = file.xib; path = DemoTableViewCell.xib; sourceTree = "<group>"; };
/* End PBXFileReference section */

/* Begin PBXFrameworksBuildPhase section */
		9A3B1EDF2C78F76C0026E648 /* Frameworks */ = {
			isa = PBXFrameworksBuildPhase;
			buildActionMask = 2147483647;
			files = (
			);
			runOnlyForDeploymentPostprocessing = 0;
		};
		9A3B1EF52C78F76E0026E648 /* Frameworks */ = {
			isa = PBXFrameworksBuildPhase;
			buildActionMask = 2147483647;
			files = (
			);
			runOnlyForDeploymentPostprocessing = 0;
		};
		9A3B1EFF2C78F76E0026E648 /* Frameworks */ = {
			isa = PBXFrameworksBuildPhase;
			buildActionMask = 2147483647;
			files = (
			);
			runOnlyForDeploymentPostprocessing = 0;
		};
/* End PBXFrameworksBuildPhase section */

/* Begin PBXGroup section */
		9A3B1ED92C78F76C0026E648 = {
			isa = PBXGroup;
			children = (
				9A3B1EE42C78F76C0026E648 /* Tableview */,
				9A3B1EFB2C78F76E0026E648 /* TableviewTests */,
				9A3B1F052C78F76E0026E648 /* TableviewUITests */,
				9A3B1EE32C78F76C0026E648 /* Products */,
			);
			sourceTree = "<group>";
		};
		9A3B1EE32C78F76C0026E648 /* Products */ = {
			isa = PBXGroup;
			children = (
				9A3B1EE22C78F76C0026E648 /* Tableview.app */,
				9A3B1EF82C78F76E0026E648 /* TableviewTests.xctest */,
				9A3B1F022C78F76E0026E648 /* TableviewUITests.xctest */,
			);
			name = Products;
			sourceTree = "<group>";
		};
		9A3B1EE42C78F76C0026E648 /* Tableview */ = {
			isa = PBXGroup;
			children = (
				9A3B1EE52C78F76C0026E648 /* AppDelegate.swift */,
				9A3B1EE72C78F76C0026E648 /* SceneDelegate.swift */,
				9A3B1EE92C78F76C0026E648 /* ViewController.swift */,
				9A3B1EEB2C78F76C0026E648 /* Main.storyboard */,
				9A3B1EEE2C78F76E0026E648 /* Assets.xcassets */,
				9A3B1EF02C78F76E0026E648 /* LaunchScreen.storyboard */,
				9A3B1EF32C78F76E0026E648 /* Info.plist */,
				9AE1625A2C79E2AC0046F24F /* DemoTableViewCell.swift */,
				9AE1625B2C79E2AC0046F24F /* DemoTableViewCell.xib */,
			);
			path = Tableview;
			sourceTree = "<group>";
		};
		9A3B1EFB2C78F76E0026E648 /* TableviewTests */ = {
			isa = PBXGroup;
			children = (
				9A3B1EFC2C78F76E0026E648 /* TableviewTests.swift */,
			);
			path = TableviewTests;
			sourceTree = "<group>";
		};
		9A3B1F052C78F76E0026E648 /* TableviewUITests */ = {
			isa = PBXGroup;
			children = (
				9A3B1F062C78F76E0026E648 /* TableviewUITests.swift */,
				9A3B1F082C78F76E0026E648 /* TableviewUITestsLaunchTests.swift */,
			);
			path = TableviewUITests;
			sourceTree = "<group>";
		};
/* End PBXGroup section */

/* Begin PBXNativeTarget section */
		9A3B1EE12C78F76C0026E648 /* Tableview */ = {
			isa = PBXNativeTarget;
			buildConfigurationList = 9A3B1F0C2C78F76E0026E648 /* Build configuration list for PBXNativeTarget "Tableview" */;
			buildPhases = (
				9A3B1EDE2C78F76C0026E648 /* Sources */,
				9A3B1EDF2C78F76C0026E648 /* Frameworks */,
				9A3B1EE02C78F76C0026E648 /* Resources */,
			);
			buildRules = (
			);
			dependencies = (
			);
			name = Tableview;
			productName = Tableview;
			productReference = 9A3B1EE22C78F76C0026E648 /* Tableview.app */;
			productType = "com.apple.product-type.application";
		};
		9A3B1EF72C78F76E0026E648 /* TableviewTests */ = {
			isa = PBXNativeTarget;
			buildConfigurationList = 9A3B1F0F2C78F76E0026E648 /* Build configuration list for PBXNativeTarget "TableviewTests" */;
			buildPhases = (
				9A3B1EF42C78F76E0026E648 /* Sources */,
				9A3B1EF52C78F76E0026E648 /* Frameworks */,
				9A3B1EF62C78F76E0026E648 /* Resources */,
			);
			buildRules = (
			);
			dependencies = (
				9A3B1EFA2C78F76E0026E648 /* PBXTargetDependency */,
			);
			name = TableviewTests;
			productName = TableviewTests;
			productReference = 9A3B1EF82C78F76E0026E648 /* TableviewTests.xctest */;
			productType = "com.apple.product-type.bundle.unit-test";
		};
		9A3B1F012C78F76E0026E648 /* TableviewUITests */ = {
			isa = PBXNativeTarget;
			buildConfigurationList = 9A3B1F122C78F76E0026E648 /* Build configuration list for PBXNativeTarget "TableviewUITests" */;
			buildPhases = (
				9A3B1EFE2C78F76E0026E648 /* Sources */,
				9A3B1EFF2C78F76E0026E648 /* Frameworks */,
				9A3B1F002C78F76E0026E648 /* Resources */,
			);
			buildRules = (
			);
			dependencies = (
				9A3B1F042C78F76E0026E648 /* PBXTargetDependency */,
			);
			name = TableviewUITests;
			productName = TableviewUITests;
			productReference = 9A3B1F022C78F76E0026E648 /* TableviewUITests.xctest */;
			productType = "com.apple.product-type.bundle.ui-testing";
		};
/* End PBXNativeTarget section */

/* Begin PBXProject section */
		9A3B1EDA2C78F76C0026E648 /* Project object */ = {
			isa = PBXProject;
			attributes = {
				BuildIndependentTargetsInParallel = 1;
				LastSwiftUpdateCheck = 1420;
				LastUpgradeCheck = 1420;
				TargetAttributes = {
					9A3B1EE12C78F76C0026E648 = {
						CreatedOnToolsVersion = 14.2;
					};
					9A3B1EF72C78F76E0026E648 = {
						CreatedOnToolsVersion = 14.2;
						TestTargetID = 9A3B1EE12C78F76C0026E648;
					};
					9A3B1F012C78F76E0026E648 = {
						CreatedOnToolsVersion = 14.2;
						TestTargetID = 9A3B1EE12C78F76C0026E648;
					};
				};
			};
			buildConfigurationList = 9A3B1EDD2C78F76C0026E648 /* Build configuration list for PBXProject "Tableview" */;
			compatibilityVersion = "Xcode 14.0";
			developmentRegion = en;
			hasScannedForEncodings = 0;
			knownRegions = (
				en,
				Base,
			);
			mainGroup = 9A3B1ED92C78F76C0026E648;
			productRefGroup = 9A3B1EE32C78F76C0026E648 /* Products */;
			projectDirPath = "";
			projectRoot = "";
			targets = (
				9A3B1EE12C78F76C0026E648 /* Tableview */,
				9A3B1EF72C78F76E0026E648 /* TableviewTests */,
				9A3B1F012C78F76E0026E648 /* TableviewUITests */,
			);
		};
/* End PBXProject section */

/* Begin PBXResourcesBuildPhase section */
		9A3B1EE02C78F76C0026E648 /* Resources */ = {
			isa = PBXResourcesBuildPhase;
			buildActionMask = 2147483647;
			files = (
				9A3B1EF22C78F76E0026E648 /* LaunchScreen.storyboard in Resources */,
				9A3B1EEF2C78F76E0026E648 /* Assets.xcassets in Resources */,
				9AE1625D2C79E2AC0046F24F /* DemoTableViewCell.xib in Resources */,
				9A3B1EED2C78F76C0026E648 /* Main.storyboard in Resources */,
			);
			runOnlyForDeploymentPostprocessing = 0;
		};
		9A3B1EF62C78F76E0026E648 /* Resources */ = {
			isa = PBXResourcesBuildPhase;
			buildActionMask = 2147483647;
			files = (
			);
			runOnlyForDeploymentPostprocessing = 0;
		};
		9A3B1F002C78F76E0026E648 /* Resources */ = {
			isa = PBXResourcesBuildPhase;
			buildActionMask = 2147483647;
			files = (
			);
			runOnlyForDeploymentPostprocessing = 0;
		};
/* End PBXResourcesBuildPhase section */

/* Begin PBXSourcesBuildPhase section */
		9A3B1EDE2C78F76C0026E648 /* Sources */ = {
			isa = PBXSourcesBuildPhase;
			buildActionMask = 2147483647;
			files = (
				9A3B1EEA2C78F76C0026E648 /* ViewController.swift in Sources */,
				9A3B1EE62C78F76C0026E648 /* AppDelegate.swift in Sources */,
				9AE1625C2C79E2AC0046F24F /* DemoTableViewCell.swift in Sources */,
				9A3B1EE82C78F76C0026E648 /* SceneDelegate.swift in Sources */,
			);
			runOnlyForDeploymentPostprocessing = 0;
		};
		9A3B1EF42C78F76E0026E648 /* Sources */ = {
			isa = PBXSourcesBuildPhase;
			buildActionMask = 2147483647;
			files = (
				9A3B1EFD2C78F76E0026E648 /* TableviewTests.swift in Sources */,
			);
			runOnlyForDeploymentPostprocessing = 0;
		};
		9A3B1EFE2C78F76E0026E648 /* Sources */ = {
			isa = PBXSourcesBuildPhase;
			buildActionMask = 2147483647;
			files = (
				9A3B1F092C78F76E0026E648 /* TableviewUITestsLaunchTests.swift in Sources */,
				9A3B1F072C78F76E0026E648 /* TableviewUITests.swift in Sources */,
			);
			runOnlyForDeploymentPostprocessing = 0;
		};
/* End PBXSourcesBuildPhase section */

/* Begin PBXTargetDependency section */
		9A3B1EFA2C78F76E0026E648 /* PBXTargetDependency */ = {
			isa = PBXTargetDependency;
			target = 9A3B1EE12C78F76C0026E648 /* Tableview */;
			targetProxy = 9A3B1EF92C78F76E0026E648 /* PBXContainerItemProxy */;
		};
		9A3B1F042C78F76E0026E648 /* PBXTargetDependency */ = {
			isa = PBXTargetDependency;
			target = 9A3B1EE12C78F76C0026E648 /* Tableview */;
			targetProxy = 9A3B1F032C78F76E0026E648 /* PBXContainerItemProxy */;
		};
/* End PBXTargetDependency section */

/* Begin PBXVariantGroup section */
		9A3B1EEB2C78F76C0026E648 /* Main.storyboard */ = {
			isa = PBXVariantGroup;
			children = (
				9A3B1EEC2C78F76C0026E648 /* Base */,
			);
			name = Main.storyboard;
			sourceTree = "<group>";
		};
		9A3B1EF02C78F76E0026E648 /* LaunchScreen.storyboard */ = {
			isa = PBXVariantGroup;
			children = (
				9A3B1EF12C78F76E0026E648 /* Base */,
			);
			name = LaunchScreen.storyboard;
			sourceTree = "<group>";
		};
/* End PBXVariantGroup section */

/* Begin XCBuildConfiguration section */
		9A3B1F0A2C78F76E0026E648 /* Debug */ = {
			isa = XCBuildConfiguration;
			buildSettings = {
				ALWAYS_SEARCH_USER_PATHS = NO;
				CLANG_ANALYZER_NONNULL = YES;
				CLANG_ANALYZER_NUMBER_OBJECT_CONVERSION = YES_AGGRESSIVE;
				CLANG_CXX_LANGUAGE_STANDARD = "gnu++20";
				CLANG_ENABLE_MODULES = YES;
				CLANG_ENABLE_OBJC_ARC = YES;
				CLANG_ENABLE_OBJC_WEAK = YES;
				CLANG_WARN_BLOCK_CAPTURE_AUTORELEASING = YES;
				CLANG_WARN_BOOL_CONVERSION = YES;
				CLANG_WARN_COMMA = YES;
				CLANG_WARN_CONSTANT_CONVERSION = YES;
				CLANG_WARN_DEPRECATED_OBJC_IMPLEMENTATIONS = YES;
				CLANG_WARN_DIRECT_OBJC_ISA_USAGE = YES_ERROR;
				CLANG_WARN_DOCUMENTATION_COMMENTS = YES;
				CLANG_WARN_EMPTY_BODY = YES;
				CLANG_WARN_ENUM_CONVERSION = YES;
				CLANG_WARN_INFINITE_RECURSION = YES;
				CLANG_WARN_INT_CONVERSION = YES;
				CLANG_WARN_NON_LITERAL_NULL_CONVERSION = YES;
				CLANG_WARN_OBJC_IMPLICIT_RETAIN_SELF = YES;
				CLANG_WARN_OBJC_LITERAL_CONVERSION = YES;
				CLANG_WARN_OBJC_ROOT_CLASS = YES_ERROR;
				CLANG_WARN_QUOTED_INCLUDE_IN_FRAMEWORK_HEADER = YES;
				CLANG_WARN_RANGE_LOOP_ANALYSIS = YES;
				CLANG_WARN_STRICT_PROTOTYPES = YES;
				CLANG_WARN_SUSPICIOUS_MOVE = YES;
				CLANG_WARN_UNGUARDED_AVAILABILITY = YES_AGGRESSIVE;
				CLANG_WARN_UNREACHABLE_CODE = YES;
				CLANG_WARN__DUPLICATE_METHOD_MATCH = YES;
				COPY_PHASE_STRIP = NO;
				DEBUG_INFORMATION_FORMAT = dwarf;
				ENABLE_STRICT_OBJC_MSGSEND = YES;
				ENABLE_TESTABILITY = YES;
				GCC_C_LANGUAGE_STANDARD = gnu11;
				GCC_DYNAMIC_NO_PIC = NO;
				GCC_NO_COMMON_BLOCKS = YES;
				GCC_OPTIMIZATION_LEVEL = 0;
				GCC_PREPROCESSOR_DEFINITIONS = (
					"DEBUG=1",
					"$(inherited)",
				);
				GCC_WARN_64_TO_32_BIT_CONVERSION = YES;
				GCC_WARN_ABOUT_RETURN_TYPE = YES_ERROR;
				GCC_WARN_UNDECLARED_SELECTOR = YES;
				GCC_WARN_UNINITIALIZED_AUTOS = YES_AGGRESSIVE;
				GCC_WARN_UNUSED_FUNCTION = YES;
				GCC_WARN_UNUSED_VARIABLE = YES;
				IPHONEOS_DEPLOYMENT_TARGET = 16.2;
				MTL_ENABLE_DEBUG_INFO = INCLUDE_SOURCE;
				MTL_FAST_MATH = YES;
				ONLY_ACTIVE_ARCH = YES;
				SDKROOT = iphoneos;
				SWIFT_ACTIVE_COMPILATION_CONDITIONS = DEBUG;
				SWIFT_OPTIMIZATION_LEVEL = "-Onone";
			};
			name = Debug;
		};
		9A3B1F0B2C78F76E0026E648 /* Release */ = {
			isa = XCBuildConfiguration;
			buildSettings = {
				ALWAYS_SEARCH_USER_PATHS = NO;
				CLANG_ANALYZER_NONNULL = YES;
				CLANG_ANALYZER_NUMBER_OBJECT_CONVERSION = YES_AGGRESSIVE;
				CLANG_CXX_LANGUAGE_STANDARD = "gnu++20";
				CLANG_ENABLE_MODULES = YES;
				CLANG_ENABLE_OBJC_ARC = YES;
				CLANG_ENABLE_OBJC_WEAK = YES;
				CLANG_WARN_BLOCK_CAPTURE_AUTORELEASING = YES;
				CLANG_WARN_BOOL_CONVERSION = YES;
				CLANG_WARN_COMMA = YES;
				CLANG_WARN_CONSTANT_CONVERSION = YES;
				CLANG_WARN_DEPRECATED_OBJC_IMPLEMENTATIONS = YES;
				CLANG_WARN_DIRECT_OBJC_ISA_USAGE = YES_ERROR;
				CLANG_WARN_DOCUMENTATION_COMMENTS = YES;
				CLANG_WARN_EMPTY_BODY = YES;
				CLANG_WARN_ENUM_CONVERSION = YES;
				CLANG_WARN_INFINITE_RECURSION = YES;
				CLANG_WARN_INT_CONVERSION = YES;
				CLANG_WARN_NON_LITERAL_NULL_CONVERSION = YES;
				CLANG_WARN_OBJC_IMPLICIT_RETAIN_SELF = YES;
				CLANG_WARN_OBJC_LITERAL_CONVERSION = YES;
				CLANG_WARN_OBJC_ROOT_CLASS = YES_ERROR;
				CLANG_WARN_QUOTED_INCLUDE_IN_FRAMEWORK_HEADER = YES;
				CLANG_WARN_RANGE_LOOP_ANALYSIS = YES;
				CLANG_WARN_STRICT_PROTOTYPES = YES;
				CLANG_WARN_SUSPICIOUS_MOVE = YES;
				CLANG_WARN_UNGUARDED_AVAILABILITY = YES_AGGRESSIVE;
				CLANG_WARN_UNREACHABLE_CODE = YES;
				CLANG_WARN__DUPLICATE_METHOD_MATCH = YES;
				COPY_PHASE_STRIP = NO;
				DEBUG_INFORMATION_FORMAT = "dwarf-with-dsym";
				ENABLE_NS_ASSERTIONS = NO;
				ENABLE_STRICT_OBJC_MSGSEND = YES;
				GCC_C_LANGUAGE_STANDARD = gnu11;
				GCC_NO_COMMON_BLOCKS = YES;
				GCC_WARN_64_TO_32_BIT_CONVERSION = YES;
				GCC_WARN_ABOUT_RETURN_TYPE = YES_ERROR;
				GCC_WARN_UNDECLARED_SELECTOR = YES;
				GCC_WARN_UNINITIALIZED_AUTOS = YES_AGGRESSIVE;
				GCC_WARN_UNUSED_FUNCTION = YES;
				GCC_WARN_UNUSED_VARIABLE = YES;
				IPHONEOS_DEPLOYMENT_TARGET = 16.2;
				MTL_ENABLE_DEBUG_INFO = NO;
				MTL_FAST_MATH = YES;
				SDKROOT = iphoneos;
				SWIFT_COMPILATION_MODE = wholemodule;
				SWIFT_OPTIMIZATION_LEVEL = "-O";
				VALIDATE_PRODUCT = YES;
			};
			name = Release;
		};
		9A3B1F0D2C78F76E0026E648 /* Debug */ = {
			isa = XCBuildConfiguration;
			buildSettings = {
				ASSETCATALOG_COMPILER_APPICON_NAME = AppIcon;
				ASSETCATALOG_COMPILER_GLOBAL_ACCENT_COLOR_NAME = AccentColor;
				CODE_SIGN_STYLE = Automatic;
				CURRENT_PROJECT_VERSION = 1;
				GENERATE_INFOPLIST_FILE = YES;
				INFOPLIST_FILE = Tableview/Info.plist;
				INFOPLIST_KEY_UIApplicationSupportsIndirectInputEvents = YES;
				INFOPLIST_KEY_UILaunchStoryboardName = LaunchScreen;
				INFOPLIST_KEY_UIMainStoryboardFile = Main;
				INFOPLIST_KEY_UISupportedInterfaceOrientations_iPad = "UIInterfaceOrientationPortrait UIInterfaceOrientationPortraitUpsideDown UIInterfaceOrientationLandscapeLeft UIInterfaceOrientationLandscapeRight";
				INFOPLIST_KEY_UISupportedInterfaceOrientations_iPhone = "UIInterfaceOrientationPortrait UIInterfaceOrientationLandscapeLeft UIInterfaceOrientationLandscapeRight";
				LD_RUNPATH_SEARCH_PATHS = (
					"$(inherited)",
					"@executable_path/Frameworks",
				);
				MARKETING_VERSION = 1.0;
				PRODUCT_BUNDLE_IDENTIFIER = com.kj.Tableview;
				PRODUCT_NAME = "$(TARGET_NAME)";
				SWIFT_EMIT_LOC_STRINGS = YES;
				SWIFT_VERSION = 5.0;
				TARGETED_DEVICE_FAMILY = "1,2";
			};
			name = Debug;
		};
		9A3B1F0E2C78F76E0026E648 /* Release */ = {
			isa = XCBuildConfiguration;
			buildSettings = {
				ASSETCATALOG_COMPILER_APPICON_NAME = AppIcon;
				ASSETCATALOG_COMPILER_GLOBAL_ACCENT_COLOR_NAME = AccentColor;
				CODE_SIGN_STYLE = Automatic;
				CURRENT_PROJECT_VERSION = 1;
				GENERATE_INFOPLIST_FILE = YES;
				INFOPLIST_FILE = Tableview/Info.plist;
				INFOPLIST_KEY_UIApplicationSupportsIndirectInputEvents = YES;
				INFOPLIST_KEY_UILaunchStoryboardName = LaunchScreen;
				INFOPLIST_KEY_UIMainStoryboardFile = Main;
				INFOPLIST_KEY_UISupportedInterfaceOrientations_iPad = "UIInterfaceOrientationPortrait UIInterfaceOrientationPortraitUpsideDown UIInterfaceOrientationLandscapeLeft UIInterfaceOrientationLandscapeRight";
				INFOPLIST_KEY_UISupportedInterfaceOrientations_iPhone = "UIInterfaceOrientationPortrait UIInterfaceOrientationLandscapeLeft UIInterfaceOrientationLandscapeRight";
				LD_RUNPATH_SEARCH_PATHS = (
					"$(inherited)",
					"@executable_path/Frameworks",
				);
				MARKETING_VERSION = 1.0;
				PRODUCT_BUNDLE_IDENTIFIER = com.kj.Tableview;
				PRODUCT_NAME = "$(TARGET_NAME)";
				SWIFT_EMIT_LOC_STRINGS = YES;
				SWIFT_VERSION = 5.0;
				TARGETED_DEVICE_FAMILY = "1,2";
			};
			name = Release;
		};
		9A3B1F102C78F76E0026E648 /* Debug */ = {
			isa = XCBuildConfiguration;
			buildSettings = {
				ALWAYS_EMBED_SWIFT_STANDARD_LIBRARIES = YES;
				BUNDLE_LOADER = "$(TEST_HOST)";
				CODE_SIGN_STYLE = Automatic;
				CURRENT_PROJECT_VERSION = 1;
				GENERATE_INFOPLIST_FILE = YES;
				IPHONEOS_DEPLOYMENT_TARGET = 16.2;
				MARKETING_VERSION = 1.0;
				PRODUCT_BUNDLE_IDENTIFIER = com.kj.TableviewTests;
				PRODUCT_NAME = "$(TARGET_NAME)";
				SWIFT_EMIT_LOC_STRINGS = NO;
				SWIFT_VERSION = 5.0;
				TARGETED_DEVICE_FAMILY = "1,2";
				TEST_HOST = "$(BUILT_PRODUCTS_DIR)/Tableview.app/$(BUNDLE_EXECUTABLE_FOLDER_PATH)/Tableview";
			};
			name = Debug;
		};
		9A3B1F112C78F76E0026E648 /* Release */ = {
			isa = XCBuildConfiguration;
			buildSettings = {
				ALWAYS_EMBED_SWIFT_STANDARD_LIBRARIES = YES;
				BUNDLE_LOADER = "$(TEST_HOST)";
				CODE_SIGN_STYLE = Automatic;
				CURRENT_PROJECT_VERSION = 1;
				GENERATE_INFOPLIST_FILE = YES;
				IPHONEOS_DEPLOYMENT_TARGET = 16.2;
				MARKETING_VERSION = 1.0;
				PRODUCT_BUNDLE_IDENTIFIER = com.kj.TableviewTests;
				PRODUCT_NAME = "$(TARGET_NAME)";
				SWIFT_EMIT_LOC_STRINGS = NO;
				SWIFT_VERSION = 5.0;
				TARGETED_DEVICE_FAMILY = "1,2";
				TEST_HOST = "$(BUILT_PRODUCTS_DIR)/Tableview.app/$(BUNDLE_EXECUTABLE_FOLDER_PATH)/Tableview";
			};
			name = Release;
		};
		9A3B1F132C78F76E0026E648 /* Debug */ = {
			isa = XCBuildConfiguration;
			buildSettings = {
				ALWAYS_EMBED_SWIFT_STANDARD_LIBRARIES = YES;
				CODE_SIGN_STYLE = Automatic;
				CURRENT_PROJECT_VERSION = 1;
				GENERATE_INFOPLIST_FILE = YES;
				MARKETING_VERSION = 1.0;
				PRODUCT_BUNDLE_IDENTIFIER = com.kj.TableviewUITests;
				PRODUCT_NAME = "$(TARGET_NAME)";
				SWIFT_EMIT_LOC_STRINGS = NO;
				SWIFT_VERSION = 5.0;
				TARGETED_DEVICE_FAMILY = "1,2";
				TEST_TARGET_NAME = Tableview;
			};
			name = Debug;
		};
		9A3B1F142C78F76E0026E648 /* Release */ = {
			isa = XCBuildConfiguration;
			buildSettings = {
				ALWAYS_EMBED_SWIFT_STANDARD_LIBRARIES = YES;
				CODE_SIGN_STYLE = Automatic;
				CURRENT_PROJECT_VERSION = 1;
				GENERATE_INFOPLIST_FILE = YES;
				MARKETING_VERSION = 1.0;
				PRODUCT_BUNDLE_IDENTIFIER = com.kj.TableviewUITests;
				PRODUCT_NAME = "$(TARGET_NAME)";
				SWIFT_EMIT_LOC_STRINGS = NO;
				SWIFT_VERSION = 5.0;
				TARGETED_DEVICE_FAMILY = "1,2";
				TEST_TARGET_NAME = Tableview;
			};
			name = Release;
		};
/* End XCBuildConfiguration section */

/* Begin XCConfigurationList section */
		9A3B1EDD2C78F76C0026E648 /* Build configuration list for PBXProject "Tableview" */ = {
			isa = XCConfigurationList;
			buildConfigurations = (
				9A3B1F0A2C78F76E0026E648 /* Debug */,
				9A3B1F0B2C78F76E0026E648 /* Release */,
			);
			defaultConfigurationIsVisible = 0;
			defaultConfigurationName = Release;
		};
		9A3B1F0C2C78F76E0026E648 /* Build configuration list for PBXNativeTarget "Tableview" */ = {
			isa = XCConfigurationList;
			buildConfigurations = (
				9A3B1F0D2C78F76E0026E648 /* Debug */,
				9A3B1F0E2C78F76E0026E648 /* Release */,
			);
			defaultConfigurationIsVisible = 0;
			defaultConfigurationName = Release;
		};
		9A3B1F0F2C78F76E0026E648 /* Build configuration list for PBXNativeTarget "TableviewTests" */ = {
			isa = XCConfigurationList;
			buildConfigurations = (
				9A3B1F102C78F76E0026E648 /* Debug */,
				9A3B1F112C78F76E0026E648 /* Release */,
			);
			defaultConfigurationIsVisible = 0;
			defaultConfigurationName = Release;
		};
		9A3B1F122C78F76E0026E648 /* Build configuration list for PBXNativeTarget "TableviewUITests" */ = {
			isa = XCConfigurationList;
			buildConfigurations = (
				9A3B1F132C78F76E0026E648 /* Debug */,
				9A3B1F142C78F76E0026E648 /* Release */,
			);
			defaultConfigurationIsVisible = 0;
			defaultConfigurationName = Release;
		};
/* End XCConfigurationList section */
	};
	rootObject = 9A3B1EDA2C78F76C0026E648 /* Project object */;
}
